
Microsoft Visual Studio Solution File, Format Version 12.00
# Visual Studio Version 17
VisualStudioVersion = 17.1.32210.238
MinimumVisualStudioVersion = 10.0.40219.1
Project("{FAE04EC0-301F-11D3-BF4B-00C04F79EFBC}") = "homework", "homework\homework.csproj", "{A4E4A15F-2205-4120-B0BA-9E18658F56B6}"
EndProject
Project("{FAE04EC0-301F-11D3-BF4B-00C04F79EFBC}") = "HW_Modul_02", "HW_Modul_02\HW_Modul_02.csproj", "{CB75D2FA-2D69-4478-B934-F728758346E5}"
EndProject
Project("{FAE04EC0-301F-11D3-BF4B-00C04F79EFBC}") = "HW_Modul_03", "HW_Modul_03\HW_Modul_03.csproj", "{5F9E0C87-62FB-47F3-8871-2845C1CA6DA6}"
EndProject
Project("{FAE04EC0-301F-11D3-BF4B-00C04F79EFBC}") = "HW_Modul_03_2", "HW_Modul_03_2\HW_Modul_03_2.csproj", "{0EBAC5E2-5FBA-4584-83EF-94B62BCEF449}"
EndProject
Project("{FAE04EC0-301F-11D3-BF4B-00C04F79EFBC}") = "HW_Modul_04", "HW_Modul_04\HW_Modul_04.csproj", "{236A1007-0E0D-487A-A00C-0BEEFDCCFD43}"
EndProject
Project("{FAE04EC0-301F-11D3-BF4B-00C04F79EFBC}") = "HW_Modul_05", "HW_Modul_05\HW_Modul_05.csproj", "{1FC3F735-D06C-457C-8032-8032B5D2A6AB}"
EndProject
Project("{FAE04EC0-301F-11D3-BF4B-00C04F79EFBC}") = "HW_Modul_06", "HW_Modul_06\HW_Modul_06.csproj", "{8EEA8C5C-298B-465D-81D1-E3E6E59563CC}"
EndProject
Project("{FAE04EC0-301F-11D3-BF4B-00C04F79EFBC}") = "HW_Modul_07", "HW_Modul_07\HW_Modul_07.csproj", "{D2F5A919-7B50-4C3F-8B82-29D25D94FEED}"
EndProject
Global
	GlobalSection(SolutionConfigurationPlatforms) = preSolution
		Debug|Any CPU = Debug|Any CPU
		Release|Any CPU = Release|Any CPU
	EndGlobalSection
	GlobalSection(ProjectConfigurationPlatforms) = postSolution
		{A4E4A15F-2205-4120-B0BA-9E18658F56B6}.Debug|Any CPU.ActiveCfg = Debug|Any CPU
		{A4E4A15F-2205-4120-B0BA-9E18658F56B6}.Debug|Any CPU.Build.0 = Debug|Any CPU
		{A4E4A15F-2205-4120-B0BA-9E18658F56B6}.Release|Any CPU.ActiveCfg = Release|Any CPU
		{A4E4A15F-2205-4120-B0BA-9E18658F56B6}.Release|Any CPU.Build.0 = Release|Any CPU
		{CB75D2FA-2D69-4478-B934-F728758346E5}.Debug|Any CPU.ActiveCfg = Debug|Any CPU
		{CB75D2FA-2D69-4478-B934-F728758346E5}.Debug|Any CPU.Build.0 = Debug|Any CPU
		{CB75D2FA-2D69-4478-B934-F728758346E5}.Release|Any CPU.ActiveCfg = Release|Any CPU
		{CB75D2FA-2D69-4478-B934-F728758346E5}.Release|Any CPU.Build.0 = Release|Any CPU
		{5F9E0C87-62FB-47F3-8871-2845C1CA6DA6}.Debug|Any CPU.ActiveCfg = Debug|Any CPU
		{5F9E0C87-62FB-47F3-8871-2845C1CA6DA6}.Debug|Any CPU.Build.0 = Debug|Any CPU
		{5F9E0C87-62FB-47F3-8871-2845C1CA6DA6}.Release|Any CPU.ActiveCfg = Release|Any CPU
		{5F9E0C87-62FB-47F3-8871-2845C1CA6DA6}.Release|Any CPU.Build.0 = Release|Any CPU
		{0EBAC5E2-5FBA-4584-83EF-94B62BCEF449}.Debug|Any CPU.ActiveCfg = Debug|Any CPU
		{0EBAC5E2-5FBA-4584-83EF-94B62BCEF449}.Debug|Any CPU.Build.0 = Debug|Any CPU
		{0EBAC5E2-5FBA-4584-83EF-94B62BCEF449}.Release|Any CPU.ActiveCfg = Release|Any CPU
		{0EBAC5E2-5FBA-4584-83EF-94B62BCEF449}.Release|Any CPU.Build.0 = Release|Any CPU
		{236A1007-0E0D-487A-A00C-0BEEFDCCFD43}.Debug|Any CPU.ActiveCfg = Debug|Any CPU
		{236A1007-0E0D-487A-A00C-0BEEFDCCFD43}.Debug|Any CPU.Build.0 = Debug|Any CPU
		{236A1007-0E0D-487A-A00C-0BEEFDCCFD43}.Release|Any CPU.ActiveCfg = Release|Any CPU
		{236A1007-0E0D-487A-A00C-0BEEFDCCFD43}.Release|Any CPU.Build.0 = Release|Any CPU
		{1FC3F735-D06C-457C-8032-8032B5D2A6AB}.Debug|Any CPU.ActiveCfg = Debug|Any CPU
		{1FC3F735-D06C-457C-8032-8032B5D2A6AB}.Debug|Any CPU.Build.0 = Debug|Any CPU
		{1FC3F735-D06C-457C-8032-8032B5D2A6AB}.Release|Any CPU.ActiveCfg = Release|Any CPU
		{1FC3F735-D06C-457C-8032-8032B5D2A6AB}.Release|Any CPU.Build.0 = Release|Any CPU
		{8EEA8C5C-298B-465D-81D1-E3E6E59563CC}.Debug|Any CPU.ActiveCfg = Debug|Any CPU
		{8EEA8C5C-298B-465D-81D1-E3E6E59563CC}.Debug|Any CPU.Build.0 = Debug|Any CPU
		{8EEA8C5C-298B-465D-81D1-E3E6E59563CC}.Release|Any CPU.ActiveCfg = Release|Any CPU
		{8EEA8C5C-298B-465D-81D1-E3E6E59563CC}.Release|Any CPU.Build.0 = Release|Any CPU
		{D2F5A919-7B50-4C3F-8B82-29D25D94FEED}.Debug|Any CPU.ActiveCfg = Debug|Any CPU
		{D2F5A919-7B50-4C3F-8B82-29D25D94FEED}.Debug|Any CPU.Build.0 = Debug|Any CPU
		{D2F5A919-7B50-4C3F-8B82-29D25D94FEED}.Release|Any CPU.ActiveCfg = Release|Any CPU
		{D2F5A919-7B50-4C3F-8B82-29D25D94FEED}.Release|Any CPU.Build.0 = Release|Any CPU
	EndGlobalSection
	GlobalSection(SolutionProperties) = preSolution
		HideSolutionNode = FALSE
	EndGlobalSection
	GlobalSection(ExtensibilityGlobals) = postSolution
		SolutionGuid = {0943F217-EB02-4196-8FB7-1B6B3A20EFA3}
	EndGlobalSection
EndGlobal
